{"1.1.0",
[{<<"amqp_client">>,{pkg,<<"amqp_client">>,<<"3.7.7">>},0},
 {<<"cowboy">>,{pkg,<<"cowboy">>,<<"2.2.0">>},0},
 {<<"cowlib">>,{pkg,<<"cowlib">>,<<"2.1.0">>},1},
 {<<"goldrush">>,{pkg,<<"goldrush">>,<<"0.1.9">>},1},
 {<<"jsx">>,{pkg,<<"jsx">>,<<"2.9.0">>},0},
 {<<"lager">>,{pkg,<<"lager">>,<<"3.5.2">>},0},
 {<<"quickrand">>,{pkg,<<"quickrand">>,<<"1.7.4">>},1},
 {<<"rabbit_common">>,{pkg,<<"rabbit_common">>,<<"3.7.7">>},1},
 {<<"ranch">>,{pkg,<<"ranch">>,<<"1.4.0">>},1},
 {<<"ranch_proxy_protocol">>,{pkg,<<"ranch_proxy_protocol">>,<<"1.5.0">>},2},
 {<<"recon">>,{pkg,<<"recon">>,<<"2.3.2">>},2},
 {<<"uuid">>,{pkg,<<"uuid_erl">>,<<"1.7.2">>},0}]}.
[
{pkg_hash,[
 {<<"amqp_client">>, <<"E5AC06275D140D21FF30408D90419E9F7ECC31F1B125736C29911B8EEC3E54D4">>},
 {<<"cowboy">>, <<"5233ED78AFE96B19EFD33B7BBCAFD15E064B187C0C131C61D50FE69D88DC76FD">>},
 {<<"cowlib">>, <<"F73658B93DD043AF40400C3E4FD997068EBD0C617F8C8F4CD003A1A78EBF94F5">>},
 {<<"goldrush">>, <<"F06E5D5F1277DA5C413E84D5A2924174182FB108DABB39D5EC548B27424CD106">>},
 {<<"jsx">>, <<"D2F6E5F069C00266CAD52FB15D87C428579EA4D7D73A33669E12679E203329DD">>},
 {<<"lager">>, <<"614A8C8F67BF99B69EB264EA22121AD25511C055AAEC09B086773D5108C6767F">>},
 {<<"quickrand">>, <<"F91F34469D6AC153B951BB34DD9C78029882426BD61E12B85E5EE465850C08ED">>},
 {<<"rabbit_common">>, <<"C0AFDF060C091F43D7D6F58889978A074A7A8E28A5E89B9E40C6A474BA295011">>},
 {<<"ranch">>, <<"10272F95DA79340FA7E8774BA7930B901713D272905D0012B06CA6D994F8826B">>},
 {<<"ranch_proxy_protocol">>, <<"E698AAEB590AD504B649DC0D3055ABEE6CAF0B49D3CAEE1A080AE83B5B499F30">>},
 {<<"recon">>, <<"4444C879BE323B1B133EEC5241CB84BD3821EA194C740D75617E106BE4744318">>},
 {<<"uuid">>, <<"D596C8DD01A4AE48B9D8D51832CCC8F8302BF67ACD01336AEC3FCFAE6B9D2BC2">>}]}
].
